{
  "nodes": {
    "nixpkgs": {
      "locked": {
        "lastModified": 1677114484,
        "narHash": "sha256-2yN/58vzF2meC3tHMOcoIv1BbavSusDrvvRxBC8HVXY=",
        "owner": "NixOS",
        "repo": "nixpkgs",
        "rev": "530146f0fee9e6abeae355fa9aa11397874c5dd8",
        "type": "github"
      },
      "original": {
        "owner": "NixOS",
        "repo": "nixpkgs",
        "type": "github"
      }
    },
    "root": {
      "inputs": {
        "nixpkgs": "nixpkgs"
      }
    }
  },
  "root": "root",
  "version": 7
}
